
Microsoft Visual Studio Solution File, Format Version 12.00
# Visual Studio Version 17
VisualStudioVersion = 17.1.32421.90
MinimumVisualStudioVersion = 10.0.40219.1
Project("{FAE04EC0-301F-11D3-BF4B-00C04F79EFBC}") = "cs-fundamentals", "cs-fundamentals\cs-fundamentals.csproj", "{905C9816-CB2B-453D-8D83-2FFC10CB66EE}"
EndProject
Global
	GlobalSection(SolutionConfigurationPlatforms) = preSolution
		Debug|Any CPU = Debug|Any CPU
		Release|Any CPU = Release|Any CPU
	EndGlobalSection
	GlobalSection(ProjectConfigurationPlatforms) = postSolution
		{905C9816-CB2B-453D-8D83-2FFC10CB66EE}.Debug|Any CPU.ActiveCfg = Debug|Any CPU
		{905C9816-CB2B-453D-8D83-2FFC10CB66EE}.Debug|Any CPU.Build.0 = Debug|Any CPU
		{905C9816-CB2B-453D-8D83-2FFC10CB66EE}.Release|Any CPU.ActiveCfg = Release|Any CPU
		{905C9816-CB2B-453D-8D83-2FFC10CB66EE}.Release|Any CPU.Build.0 = Release|Any CPU
	EndGlobalSection
	GlobalSection(SolutionProperties) = preSolution
		HideSolutionNode = FALSE
	EndGlobalSection
	GlobalSection(ExtensibilityGlobals) = postSolution
		SolutionGuid = {C7E65C4C-6049-45AC-BFA4-9D4CAD150E10}
	EndGlobalSection
EndGlobal
